
Microsoft Visual Studio Solution File, Format Version 12.00
# Visual Studio Version 16
VisualStudioVersion = 16.0.34729.46
MinimumVisualStudioVersion = 10.0.40219.1
Project("{FAE04EC0-301F-11D3-BF4B-00C04F79EFBC}") = "DemoWarehosue", "DemoWarehosue\DemoWarehosue.csproj", "{91368DAD-217B-4CDA-AC5B-036F2E9B1144}"
EndProject
Global
	GlobalSection(SolutionConfigurationPlatforms) = preSolution
		Debug|Any CPU = Debug|Any CPU
		Release|Any CPU = Release|Any CPU
	EndGlobalSection
	GlobalSection(ProjectConfigurationPlatforms) = postSolution
		{91368DAD-217B-4CDA-AC5B-036F2E9B1144}.Debug|Any CPU.ActiveCfg = Debug|Any CPU
		{91368DAD-217B-4CDA-AC5B-036F2E9B1144}.Debug|Any CPU.Build.0 = Debug|Any CPU
		{91368DAD-217B-4CDA-AC5B-036F2E9B1144}.Release|Any CPU.ActiveCfg = Release|Any CPU
		{91368DAD-217B-4CDA-AC5B-036F2E9B1144}.Release|Any CPU.Build.0 = Release|Any CPU
	EndGlobalSection
	GlobalSection(SolutionProperties) = preSolution
		HideSolutionNode = FALSE
	EndGlobalSection
	GlobalSection(ExtensibilityGlobals) = postSolution
		SolutionGuid = {8C0313B4-635A-45DD-B794-E2385A884F63}
	EndGlobalSection
EndGlobal
